{
  "name": "@foretagsplatsen/use-existing-npm-package",
  "version": "1.0.0",
  "lockfileVersion": 2,
  "requires": true,
  "packages": {
    "": {
      "name": "@foretagsplatsen/use-existing-npm-package",
      "version": "1.0.0",
      "dependencies": {
        "@foretagsplatsen/build-npm-package-with-github-actions": "^1.0.0"
      }
    },
    "node_modules/@foretagsplatsen/build-npm-package-with-github-actions": {
      "version": "1.0.0",
      "resolved": "https://npm.pkg.github.com/download/@foretagsplatsen/build-npm-package-with-github-actions/1.0.0/3dbe540808f9ec66b78b9caffb4cbe0a80795e15",
      "integrity": "sha512-X5IGkn+z9bmJOgiFuwGPZQ90Uf0FpWhxPCs4FzK9lWs8M66ygbN6ZhJCAYyMvr4rzw7hLNkrBFZQzjZErUvK+w=="
    }
  },
  "dependencies": {
    "@foretagsplatsen/build-npm-package-with-github-actions": {
      "version": "1.0.0",
      "resolved": "https://npm.pkg.github.com/download/@foretagsplatsen/build-npm-package-with-github-actions/1.0.0/3dbe540808f9ec66b78b9caffb4cbe0a80795e15",
      "integrity": "sha512-X5IGkn+z9bmJOgiFuwGPZQ90Uf0FpWhxPCs4FzK9lWs8M66ygbN6ZhJCAYyMvr4rzw7hLNkrBFZQzjZErUvK+w=="
    }
  }
}
